// !$*UTF8*$!
{
	archiveVersion = 1;
	classes = {
	};
	objectVersion = 46;
	objects = {

/* Begin PBXBuildFile section */
		8599595616E2A0D0005FBC1A /* UIKit.framework in Frameworks */ = {isa = PBXBuildFile; fileRef = 8599595516E2A0D0005FBC1A /* UIKit.framework */; };
		8599595816E2A0D0005FBC1A /* Foundation.framework in Frameworks */ = {isa = PBXBuildFile; fileRef = 8599595716E2A0D0005FBC1A /* Foundation.framework */; };
		8599595A16E2A0D0005FBC1A /* CoreGraphics.framework in Frameworks */ = {isa = PBXBuildFile; fileRef = 8599595916E2A0D0005FBC1A /* CoreGraphics.framework */; };
		8599596016E2A0D0005FBC1A /* InfoPlist.strings in Resources */ = {isa = PBXBuildFile; fileRef = 8599595E16E2A0D0005FBC1A /* InfoPlist.strings */; };
		8599596216E2A0D0005FBC1A /* main.m in Sources */ = {isa = PBXBuildFile; fileRef = 8599596116E2A0D0005FBC1A /* main.m */; };
		8599596616E2A0D0005FBC1A /* AppDelegate.m in Sources */ = {isa = PBXBuildFile; fileRef = 8599596516E2A0D0005FBC1A /* AppDelegate.m */; };
		8599596816E2A0D0005FBC1A /* Default.png in Resources */ = {isa = PBXBuildFile; fileRef = 8599596716E2A0D0005FBC1A /* Default.png */; };
		8599596A16E2A0D0005FBC1A /* Default@2x.png in Resources */ = {isa = PBXBuildFile; fileRef = 8599596916E2A0D0005FBC1A /* Default@2x.png */; };
		8599596C16E2A0D0005FBC1A /* Default-568h@2x.png in Resources */ = {isa = PBXBuildFile; fileRef = 8599596B16E2A0D0005FBC1A /* Default-568h@2x.png */; };
		8599596F16E2A0D0005FBC1A /* WelcomeViewController.m in Sources */ = {isa = PBXBuildFile; fileRef = 8599596E16E2A0D0005FBC1A /* WelcomeViewController.m */; };
		8599597216E2A0D0005FBC1A /* WelcomeViewController.xib in Resources */ = {isa = PBXBuildFile; fileRef = 8599597016E2A0D0005FBC1A /* WelcomeViewController.xib */; };
		8599597C16E2C68E005FBC1A /* ServerClient.m in Sources */ = {isa = PBXBuildFile; fileRef = 8599597B16E2C68E005FBC1A /* ServerClient.m */; };
		8599599716E2CACC005FBC1A /* AFHTTPClient.m in Sources */ = {isa = PBXBuildFile; fileRef = 8599598516E2CACC005FBC1A /* AFHTTPClient.m */; };
		8599599816E2CACC005FBC1A /* AFHTTPRequestOperation.m in Sources */ = {isa = PBXBuildFile; fileRef = 8599598716E2CACC005FBC1A /* AFHTTPRequestOperation.m */; };
		8599599916E2CACC005FBC1A /* AFImageRequestOperation.m in Sources */ = {isa = PBXBuildFile; fileRef = 8599598916E2CACC005FBC1A /* AFImageRequestOperation.m */; };
		8599599A16E2CACC005FBC1A /* AFJSONRequestOperation.m in Sources */ = {isa = PBXBuildFile; fileRef = 8599598B16E2CACC005FBC1A /* AFJSONRequestOperation.m */; };
		8599599B16E2CACC005FBC1A /* AFNetworkActivityIndicatorManager.m in Sources */ = {isa = PBXBuildFile; fileRef = 8599598D16E2CACC005FBC1A /* AFNetworkActivityIndicatorManager.m */; };
		8599599C16E2CACC005FBC1A /* AFPropertyListRequestOperation.m in Sources */ = {isa = PBXBuildFile; fileRef = 8599599016E2CACC005FBC1A /* AFPropertyListRequestOperation.m */; };
		8599599D16E2CACC005FBC1A /* AFURLConnectionOperation.m in Sources */ = {isa = PBXBuildFile; fileRef = 8599599216E2CACC005FBC1A /* AFURLConnectionOperation.m */; };
		8599599E16E2CACC005FBC1A /* AFXMLRequestOperation.m in Sources */ = {isa = PBXBuildFile; fileRef = 8599599416E2CACC005FBC1A /* AFXMLRequestOperation.m */; };
		8599599F16E2CACC005FBC1A /* UIImageView+AFNetworking.m in Sources */ = {isa = PBXBuildFile; fileRef = 8599599616E2CACC005FBC1A /* UIImageView+AFNetworking.m */; };
		859959A116E2CAEF005FBC1A /* SystemConfiguration.framework in Frameworks */ = {isa = PBXBuildFile; fileRef = 859959A016E2CAEF005FBC1A /* SystemConfiguration.framework */; settings = {ATTRIBUTES = (Required, ); }; };
		859959A316E2CAF3005FBC1A /* MobileCoreServices.framework in Frameworks */ = {isa = PBXBuildFile; fileRef = 859959A216E2CAF3005FBC1A /* MobileCoreServices.framework */; };
		859959AB16E2D1B5005FBC1A /* OrderViewController.m in Sources */ = {isa = PBXBuildFile; fileRef = 859959A916E2D1B5005FBC1A /* OrderViewController.m */; };
		859959AC16E2D1B5005FBC1A /* OrderViewController.xib in Resources */ = {isa = PBXBuildFile; fileRef = 859959AA16E2D1B5005FBC1A /* OrderViewController.xib */; };
		859959B016E2D392005FBC1A /* KeychainItemWrapper.m in Sources */ = {isa = PBXBuildFile; fileRef = 859959AF16E2D392005FBC1A /* KeychainItemWrapper.m */; settings = {COMPILER_FLAGS = "-fno-objc-arc"; }; };
		859959B316E2D3E3005FBC1A /* KeychainAccessor.m in Sources */ = {isa = PBXBuildFile; fileRef = 859959B216E2D3E3005FBC1A /* KeychainAccessor.m */; settings = {COMPILER_FLAGS = "-fno-objc-arc"; }; };
		859959B516E2D7A0005FBC1A /* Security.framework in Frameworks */ = {isa = PBXBuildFile; fileRef = 859959B416E2D7A0005FBC1A /* Security.framework */; };
/* End PBXBuildFile section */

/* Begin PBXFileReference section */
		8599595216E2A0D0005FBC1A /* FoodMe.app */ = {isa = PBXFileReference; explicitFileType = wrapper.application; includeInIndex = 0; path = FoodMe.app; sourceTree = BUILT_PRODUCTS_DIR; };
		8599595516E2A0D0005FBC1A /* UIKit.framework */ = {isa = PBXFileReference; lastKnownFileType = wrapper.framework; name = UIKit.framework; path = System/Library/Frameworks/UIKit.framework; sourceTree = SDKROOT; };
		8599595716E2A0D0005FBC1A /* Foundation.framework */ = {isa = PBXFileReference; lastKnownFileType = wrapper.framework; name = Foundation.framework; path = System/Library/Frameworks/Foundation.framework; sourceTree = SDKROOT; };
		8599595916E2A0D0005FBC1A /* CoreGraphics.framework */ = {isa = PBXFileReference; lastKnownFileType = wrapper.framework; name = CoreGraphics.framework; path = System/Library/Frameworks/CoreGraphics.framework; sourceTree = SDKROOT; };
		8599595D16E2A0D0005FBC1A /* FoodMe-Info.plist */ = {isa = PBXFileReference; lastKnownFileType = text.plist.xml; path = "FoodMe-Info.plist"; sourceTree = "<group>"; };
		8599595F16E2A0D0005FBC1A /* en */ = {isa = PBXFileReference; lastKnownFileType = text.plist.strings; name = en; path = en.lproj/InfoPlist.strings; sourceTree = "<group>"; };
		8599596116E2A0D0005FBC1A /* main.m */ = {isa = PBXFileReference; lastKnownFileType = sourcecode.c.objc; path = main.m; sourceTree = "<group>"; };
		8599596316E2A0D0005FBC1A /* FoodMe-Prefix.pch */ = {isa = PBXFileReference; lastKnownFileType = sourcecode.c.h; path = "FoodMe-Prefix.pch"; sourceTree = "<group>"; };
		8599596416E2A0D0005FBC1A /* AppDelegate.h */ = {isa = PBXFileReference; lastKnownFileType = sourcecode.c.h; path = AppDelegate.h; sourceTree = "<group>"; };
		8599596516E2A0D0005FBC1A /* AppDelegate.m */ = {isa = PBXFileReference; lastKnownFileType = sourcecode.c.objc; path = AppDelegate.m; sourceTree = "<group>"; };
		8599596716E2A0D0005FBC1A /* Default.png */ = {isa = PBXFileReference; lastKnownFileType = image.png; path = Default.png; sourceTree = "<group>"; };
		8599596916E2A0D0005FBC1A /* Default@2x.png */ = {isa = PBXFileReference; lastKnownFileType = image.png; path = "Default@2x.png"; sourceTree = "<group>"; };
		8599596B16E2A0D0005FBC1A /* Default-568h@2x.png */ = {isa = PBXFileReference; lastKnownFileType = image.png; path = "Default-568h@2x.png"; sourceTree = "<group>"; };
		8599596D16E2A0D0005FBC1A /* WelcomeViewController.h */ = {isa = PBXFileReference; lastKnownFileType = sourcecode.c.h; path = WelcomeViewController.h; sourceTree = "<group>"; };
		8599596E16E2A0D0005FBC1A /* WelcomeViewController.m */ = {isa = PBXFileReference; lastKnownFileType = sourcecode.c.objc; path = WelcomeViewController.m; sourceTree = "<group>"; };
		8599597116E2A0D0005FBC1A /* en */ = {isa = PBXFileReference; lastKnownFileType = file.xib; name = en; path = en.lproj/WelcomeViewController.xib; sourceTree = "<group>"; };
		8599597A16E2C68E005FBC1A /* ServerClient.h */ = {isa = PBXFileReference; fileEncoding = 4; lastKnownFileType = sourcecode.c.h; path = ServerClient.h; sourceTree = "<group>"; };
		8599597B16E2C68E005FBC1A /* ServerClient.m */ = {isa = PBXFileReference; fileEncoding = 4; lastKnownFileType = sourcecode.c.objc; path = ServerClient.m; sourceTree = "<group>"; };
		8599598416E2CACC005FBC1A /* AFHTTPClient.h */ = {isa = PBXFileReference; fileEncoding = 4; lastKnownFileType = sourcecode.c.h; name = AFHTTPClient.h; path = AFNetworking/AFHTTPClient.h; sourceTree = "<group>"; };
		8599598516E2CACC005FBC1A /* AFHTTPClient.m */ = {isa = PBXFileReference; fileEncoding = 4; lastKnownFileType = sourcecode.c.objc; name = AFHTTPClient.m; path = AFNetworking/AFHTTPClient.m; sourceTree = "<group>"; };
		8599598616E2CACC005FBC1A /* AFHTTPRequestOperation.h */ = {isa = PBXFileReference; fileEncoding = 4; lastKnownFileType = sourcecode.c.h; name = AFHTTPRequestOperation.h; path = AFNetworking/AFHTTPRequestOperation.h; sourceTree = "<group>"; };
		8599598716E2CACC005FBC1A /* AFHTTPRequestOperation.m */ = {isa = PBXFileReference; fileEncoding = 4; lastKnownFileType = sourcecode.c.objc; name = AFHTTPRequestOperation.m; path = AFNetworking/AFHTTPRequestOperation.m; sourceTree = "<group>"; };
		8599598816E2CACC005FBC1A /* AFImageRequestOperation.h */ = {isa = PBXFileReference; fileEncoding = 4; lastKnownFileType = sourcecode.c.h; name = AFImageRequestOperation.h; path = AFNetworking/AFImageRequestOperation.h; sourceTree = "<group>"; };
		8599598916E2CACC005FBC1A /* AFImageRequestOperation.m */ = {isa = PBXFileReference; fileEncoding = 4; lastKnownFileType = sourcecode.c.objc; name = AFImageRequestOperation.m; path = AFNetworking/AFImageRequestOperation.m; sourceTree = "<group>"; };
		8599598A16E2CACC005FBC1A /* AFJSONRequestOperation.h */ = {isa = PBXFileReference; fileEncoding = 4; lastKnownFileType = sourcecode.c.h; name = AFJSONRequestOperation.h; path = AFNetworking/AFJSONRequestOperation.h; sourceTree = "<group>"; };
		8599598B16E2CACC005FBC1A /* AFJSONRequestOperation.m */ = {isa = PBXFileReference; fileEncoding = 4; lastKnownFileType = sourcecode.c.objc; name = AFJSONRequestOperation.m; path = AFNetworking/AFJSONRequestOperation.m; sourceTree = "<group>"; };
		8599598C16E2CACC005FBC1A /* AFNetworkActivityIndicatorManager.h */ = {isa = PBXFileReference; fileEncoding = 4; lastKnownFileType = sourcecode.c.h; name = AFNetworkActivityIndicatorManager.h; path = AFNetworking/AFNetworkActivityIndicatorManager.h; sourceTree = "<group>"; };
		8599598D16E2CACC005FBC1A /* AFNetworkActivityIndicatorManager.m */ = {isa = PBXFileReference; fileEncoding = 4; lastKnownFileType = sourcecode.c.objc; name = AFNetworkActivityIndicatorManager.m; path = AFNetworking/AFNetworkActivityIndicatorManager.m; sourceTree = "<group>"; };
		8599598E16E2CACC005FBC1A /* AFNetworking.h */ = {isa = PBXFileReference; fileEncoding = 4; lastKnownFileType = sourcecode.c.h; name = AFNetworking.h; path = AFNetworking/AFNetworking.h; sourceTree = "<group>"; };
		8599598F16E2CACC005FBC1A /* AFPropertyListRequestOperation.h */ = {isa = PBXFileReference; fileEncoding = 4; lastKnownFileType = sourcecode.c.h; name = AFPropertyListRequestOperation.h; path = AFNetworking/AFPropertyListRequestOperation.h; sourceTree = "<group>"; };
		8599599016E2CACC005FBC1A /* AFPropertyListRequestOperation.m */ = {isa = PBXFileReference; fileEncoding = 4; lastKnownFileType = sourcecode.c.objc; name = AFPropertyListRequestOperation.m; path = AFNetworking/AFPropertyListRequestOperation.m; sourceTree = "<group>"; };
		8599599116E2CACC005FBC1A /* AFURLConnectionOperation.h */ = {isa = PBXFileReference; fileEncoding = 4; lastKnownFileType = sourcecode.c.h; name = AFURLConnectionOperation.h; path = AFNetworking/AFURLConnectionOperation.h; sourceTree = "<group>"; };
		8599599216E2CACC005FBC1A /* AFURLConnectionOperation.m */ = {isa = PBXFileReference; fileEncoding = 4; lastKnownFileType = sourcecode.c.objc; name = AFURLConnectionOperation.m; path = AFNetworking/AFURLConnectionOperation.m; sourceTree = "<group>"; };
		8599599316E2CACC005FBC1A /* AFXMLRequestOperation.h */ = {isa = PBXFileReference; fileEncoding = 4; lastKnownFileType = sourcecode.c.h; name = AFXMLRequestOperation.h; path = AFNetworking/AFXMLRequestOperation.h; sourceTree = "<group>"; };
		8599599416E2CACC005FBC1A /* AFXMLRequestOperation.m */ = {isa = PBXFileReference; fileEncoding = 4; lastKnownFileType = sourcecode.c.objc; name = AFXMLRequestOperation.m; path = AFNetworking/AFXMLRequestOperation.m; sourceTree = "<group>"; };
		8599599516E2CACC005FBC1A /* UIImageView+AFNetworking.h */ = {isa = PBXFileReference; fileEncoding = 4; lastKnownFileType = sourcecode.c.h; name = "UIImageView+AFNetworking.h"; path = "AFNetworking/UIImageView+AFNetworking.h"; sourceTree = "<group>"; };
		8599599616E2CACC005FBC1A /* UIImageView+AFNetworking.m */ = {isa = PBXFileReference; fileEncoding = 4; lastKnownFileType = sourcecode.c.objc; name = "UIImageView+AFNetworking.m"; path = "AFNetworking/UIImageView+AFNetworking.m"; sourceTree = "<group>"; };
		859959A016E2CAEF005FBC1A /* SystemConfiguration.framework */ = {isa = PBXFileReference; lastKnownFileType = wrapper.framework; name = SystemConfiguration.framework; path = System/Library/Frameworks/SystemConfiguration.framework; sourceTree = SDKROOT; };
		859959A216E2CAF3005FBC1A /* MobileCoreServices.framework */ = {isa = PBXFileReference; lastKnownFileType = wrapper.framework; name = MobileCoreServices.framework; path = System/Library/Frameworks/MobileCoreServices.framework; sourceTree = SDKROOT; };
		859959A816E2D1B5005FBC1A /* OrderViewController.h */ = {isa = PBXFileReference; fileEncoding = 4; lastKnownFileType = sourcecode.c.h; path = OrderViewController.h; sourceTree = "<group>"; };
		859959A916E2D1B5005FBC1A /* OrderViewController.m */ = {isa = PBXFileReference; fileEncoding = 4; lastKnownFileType = sourcecode.c.objc; path = OrderViewController.m; sourceTree = "<group>"; };
		859959AA16E2D1B5005FBC1A /* OrderViewController.xib */ = {isa = PBXFileReference; fileEncoding = 4; lastKnownFileType = file.xib; path = OrderViewController.xib; sourceTree = "<group>"; };
		859959AE16E2D392005FBC1A /* KeychainItemWrapper.h */ = {isa = PBXFileReference; fileEncoding = 4; lastKnownFileType = sourcecode.c.h; path = KeychainItemWrapper.h; sourceTree = "<group>"; };
		859959AF16E2D392005FBC1A /* KeychainItemWrapper.m */ = {isa = PBXFileReference; fileEncoding = 4; lastKnownFileType = sourcecode.c.objc; path = KeychainItemWrapper.m; sourceTree = "<group>"; };
		859959B116E2D3E3005FBC1A /* KeychainAccessor.h */ = {isa = PBXFileReference; fileEncoding = 4; lastKnownFileType = sourcecode.c.h; path = KeychainAccessor.h; sourceTree = "<group>"; };
		859959B216E2D3E3005FBC1A /* KeychainAccessor.m */ = {isa = PBXFileReference; fileEncoding = 4; lastKnownFileType = sourcecode.c.objc; path = KeychainAccessor.m; sourceTree = "<group>"; };
		859959B416E2D7A0005FBC1A /* Security.framework */ = {isa = PBXFileReference; lastKnownFileType = wrapper.framework; name = Security.framework; path = System/Library/Frameworks/Security.framework; sourceTree = SDKROOT; };
/* End PBXFileReference section */

/* Begin PBXFrameworksBuildPhase section */
		8599594F16E2A0D0005FBC1A /* Frameworks */ = {
			isa = PBXFrameworksBuildPhase;
			buildActionMask = 2147483647;
			files = (
				859959B516E2D7A0005FBC1A /* Security.framework in Frameworks */,
				859959A316E2CAF3005FBC1A /* MobileCoreServices.framework in Frameworks */,
				859959A116E2CAEF005FBC1A /* SystemConfiguration.framework in Frameworks */,
				8599595616E2A0D0005FBC1A /* UIKit.framework in Frameworks */,
				8599595816E2A0D0005FBC1A /* Foundation.framework in Frameworks */,
				8599595A16E2A0D0005FBC1A /* CoreGraphics.framework in Frameworks */,
			);
			runOnlyForDeploymentPostprocessing = 0;
		};
/* End PBXFrameworksBuildPhase section */

/* Begin PBXGroup section */
		8599594916E2A0D0005FBC1A = {
			isa = PBXGroup;
			children = (
				859959B416E2D7A0005FBC1A /* Security.framework */,
				859959A416E2CAF7005FBC1A /* Libraries */,
				8599595B16E2A0D0005FBC1A /* FoodMe */,
				8599595416E2A0D0005FBC1A /* Frameworks */,
				8599595316E2A0D0005FBC1A /* Products */,
			);
			sourceTree = "<group>";
		};
		8599595316E2A0D0005FBC1A /* Products */ = {
			isa = PBXGroup;
			children = (
				8599595216E2A0D0005FBC1A /* FoodMe.app */,
			);
			name = Products;
			sourceTree = "<group>";
		};
		8599595416E2A0D0005FBC1A /* Frameworks */ = {
			isa = PBXGroup;
			children = (
				859959A216E2CAF3005FBC1A /* MobileCoreServices.framework */,
				859959A016E2CAEF005FBC1A /* SystemConfiguration.framework */,
				8599595516E2A0D0005FBC1A /* UIKit.framework */,
				8599595716E2A0D0005FBC1A /* Foundation.framework */,
				8599595916E2A0D0005FBC1A /* CoreGraphics.framework */,
			);
			name = Frameworks;
			sourceTree = "<group>";
		};
		8599595B16E2A0D0005FBC1A /* FoodMe */ = {
			isa = PBXGroup;
			children = (
				859959AD16E2D37D005FBC1A /* Keychain */,
				8599597916E2C628005FBC1A /* Networking */,
				8599597816E2C61F005FBC1A /* UI */,
				8599596416E2A0D0005FBC1A /* AppDelegate.h */,
				8599596516E2A0D0005FBC1A /* AppDelegate.m */,
				8599595C16E2A0D0005FBC1A /* Supporting Files */,
			);
			path = FoodMe;
			sourceTree = "<group>";
		};
		8599595C16E2A0D0005FBC1A /* Supporting Files */ = {
			isa = PBXGroup;
			children = (
				8599595D16E2A0D0005FBC1A /* FoodMe-Info.plist */,
				8599595E16E2A0D0005FBC1A /* InfoPlist.strings */,
				8599596116E2A0D0005FBC1A /* main.m */,
				8599596316E2A0D0005FBC1A /* FoodMe-Prefix.pch */,
				8599596716E2A0D0005FBC1A /* Default.png */,
				8599596916E2A0D0005FBC1A /* Default@2x.png */,
				8599596B16E2A0D0005FBC1A /* Default-568h@2x.png */,
			);
			name = "Supporting Files";
			sourceTree = "<group>";
		};
		8599597816E2C61F005FBC1A /* UI */ = {
			isa = PBXGroup;
			children = (
				8599596D16E2A0D0005FBC1A /* WelcomeViewController.h */,
				8599596E16E2A0D0005FBC1A /* WelcomeViewController.m */,
				8599597016E2A0D0005FBC1A /* WelcomeViewController.xib */,
				859959A816E2D1B5005FBC1A /* OrderViewController.h */,
				859959A916E2D1B5005FBC1A /* OrderViewController.m */,
				859959AA16E2D1B5005FBC1A /* OrderViewController.xib */,
			);
			name = UI;
			sourceTree = "<group>";
		};
		8599597916E2C628005FBC1A /* Networking */ = {
			isa = PBXGroup;
			children = (
				8599597A16E2C68E005FBC1A /* ServerClient.h */,
				8599597B16E2C68E005FBC1A /* ServerClient.m */,
			);
			name = Networking;
			sourceTree = "<group>";
		};
		8599598316E2CABF005FBC1A /* AFNetworking */ = {
			isa = PBXGroup;
			children = (
				8599598416E2CACC005FBC1A /* AFHTTPClient.h */,
				8599598516E2CACC005FBC1A /* AFHTTPClient.m */,
				8599598616E2CACC005FBC1A /* AFHTTPRequestOperation.h */,
				8599598716E2CACC005FBC1A /* AFHTTPRequestOperation.m */,
				8599598816E2CACC005FBC1A /* AFImageRequestOperation.h */,
				8599598916E2CACC005FBC1A /* AFImageRequestOperation.m */,
				8599598A16E2CACC005FBC1A /* AFJSONRequestOperation.h */,
				8599598B16E2CACC005FBC1A /* AFJSONRequestOperation.m */,
				8599598C16E2CACC005FBC1A /* AFNetworkActivityIndicatorManager.h */,
				8599598D16E2CACC005FBC1A /* AFNetworkActivityIndicatorManager.m */,
				8599598E16E2CACC005FBC1A /* AFNetworking.h */,
				8599598F16E2CACC005FBC1A /* AFPropertyListRequestOperation.h */,
				8599599016E2CACC005FBC1A /* AFPropertyListRequestOperation.m */,
				8599599116E2CACC005FBC1A /* AFURLConnectionOperation.h */,
				8599599216E2CACC005FBC1A /* AFURLConnectionOperation.m */,
				8599599316E2CACC005FBC1A /* AFXMLRequestOperation.h */,
				8599599416E2CACC005FBC1A /* AFXMLRequestOperation.m */,
				8599599516E2CACC005FBC1A /* UIImageView+AFNetworking.h */,
				8599599616E2CACC005FBC1A /* UIImageView+AFNetworking.m */,
			);
			name = AFNetworking;
			sourceTree = "<group>";
		};
		859959A416E2CAF7005FBC1A /* Libraries */ = {
			isa = PBXGroup;
			children = (
				8599598316E2CABF005FBC1A /* AFNetworking */,
			);
			name = Libraries;
			sourceTree = "<group>";
		};
		859959AD16E2D37D005FBC1A /* Keychain */ = {
			isa = PBXGroup;
			children = (
				859959AE16E2D392005FBC1A /* KeychainItemWrapper.h */,
				859959AF16E2D392005FBC1A /* KeychainItemWrapper.m */,
				859959B116E2D3E3005FBC1A /* KeychainAccessor.h */,
				859959B216E2D3E3005FBC1A /* KeychainAccessor.m */,
			);
			name = Keychain;
			sourceTree = "<group>";
		};
/* End PBXGroup section */

/* Begin PBXNativeTarget section */
		8599595116E2A0D0005FBC1A /* FoodMe */ = {
			isa = PBXNativeTarget;
			buildConfigurationList = 8599597516E2A0D0005FBC1A /* Build configuration list for PBXNativeTarget "FoodMe" */;
			buildPhases = (
				8599594E16E2A0D0005FBC1A /* Sources */,
				8599594F16E2A0D0005FBC1A /* Frameworks */,
				8599595016E2A0D0005FBC1A /* Resources */,
			);
			buildRules = (
			);
			dependencies = (
			);
			name = FoodMe;
			productName = FoodMe;
			productReference = 8599595216E2A0D0005FBC1A /* FoodMe.app */;
			productType = "com.apple.product-type.application";
		};
/* End PBXNativeTarget section */

/* Begin PBXProject section */
		8599594A16E2A0D0005FBC1A /* Project object */ = {
			isa = PBXProject;
			attributes = {
				LastUpgradeCheck = 0460;
				ORGANIZATIONNAME = NickLauer;
			};
			buildConfigurationList = 8599594D16E2A0D0005FBC1A /* Build configuration list for PBXProject "FoodMe" */;
			compatibilityVersion = "Xcode 3.2";
			developmentRegion = English;
			hasScannedForEncodings = 0;
			knownRegions = (
				en,
			);
			mainGroup = 8599594916E2A0D0005FBC1A;
			productRefGroup = 8599595316E2A0D0005FBC1A /* Products */;
			projectDirPath = "";
			projectRoot = "";
			targets = (
				8599595116E2A0D0005FBC1A /* FoodMe */,
			);
		};
/* End PBXProject section */

/* Begin PBXResourcesBuildPhase section */
		8599595016E2A0D0005FBC1A /* Resources */ = {
			isa = PBXResourcesBuildPhase;
			buildActionMask = 2147483647;
			files = (
				8599596016E2A0D0005FBC1A /* InfoPlist.strings in Resources */,
				8599596816E2A0D0005FBC1A /* Default.png in Resources */,
				8599596A16E2A0D0005FBC1A /* Default@2x.png in Resources */,
				8599596C16E2A0D0005FBC1A /* Default-568h@2x.png in Resources */,
				8599597216E2A0D0005FBC1A /* WelcomeViewController.xib in Resources */,
				859959AC16E2D1B5005FBC1A /* OrderViewController.xib in Resources */,
			);
			runOnlyForDeploymentPostprocessing = 0;
		};
/* End PBXResourcesBuildPhase section */

/* Begin PBXSourcesBuildPhase section */
		8599594E16E2A0D0005FBC1A /* Sources */ = {
			isa = PBXSourcesBuildPhase;
			buildActionMask = 2147483647;
			files = (
				8599596216E2A0D0005FBC1A /* main.m in Sources */,
				8599596616E2A0D0005FBC1A /* AppDelegate.m in Sources */,
				8599596F16E2A0D0005FBC1A /* WelcomeViewController.m in Sources */,
				8599597C16E2C68E005FBC1A /* ServerClient.m in Sources */,
				8599599716E2CACC005FBC1A /* AFHTTPClient.m in Sources */,
				8599599816E2CACC005FBC1A /* AFHTTPRequestOperation.m in Sources */,
				8599599916E2CACC005FBC1A /* AFImageRequestOperation.m in Sources */,
				8599599A16E2CACC005FBC1A /* AFJSONRequestOperation.m in Sources */,
				8599599B16E2CACC005FBC1A /* AFNetworkActivityIndicatorManager.m in Sources */,
				8599599C16E2CACC005FBC1A /* AFPropertyListRequestOperation.m in Sources */,
				8599599D16E2CACC005FBC1A /* AFURLConnectionOperation.m in Sources */,
				8599599E16E2CACC005FBC1A /* AFXMLRequestOperation.m in Sources */,
				8599599F16E2CACC005FBC1A /* UIImageView+AFNetworking.m in Sources */,
				859959AB16E2D1B5005FBC1A /* OrderViewController.m in Sources */,
				859959B016E2D392005FBC1A /* KeychainItemWrapper.m in Sources */,
				859959B316E2D3E3005FBC1A /* KeychainAccessor.m in Sources */,
			);
			runOnlyForDeploymentPostprocessing = 0;
		};
/* End PBXSourcesBuildPhase section */

/* Begin PBXVariantGroup section */
		8599595E16E2A0D0005FBC1A /* InfoPlist.strings */ = {
			isa = PBXVariantGroup;
			children = (
				8599595F16E2A0D0005FBC1A /* en */,
			);
			name = InfoPlist.strings;
			sourceTree = "<group>";
		};
		8599597016E2A0D0005FBC1A /* WelcomeViewController.xib */ = {
			isa = PBXVariantGroup;
			children = (
				8599597116E2A0D0005FBC1A /* en */,
			);
			name = WelcomeViewController.xib;
			sourceTree = "<group>";
		};
/* End PBXVariantGroup section */

/* Begin XCBuildConfiguration section */
		8599597316E2A0D0005FBC1A /* Debug */ = {
			isa = XCBuildConfiguration;
			buildSettings = {
				ALWAYS_SEARCH_USER_PATHS = NO;
				CLANG_CXX_LANGUAGE_STANDARD = "gnu++0x";
				CLANG_CXX_LIBRARY = "libc++";
				CLANG_ENABLE_OBJC_ARC = YES;
				CLANG_WARN_CONSTANT_CONVERSION = YES;
				CLANG_WARN_EMPTY_BODY = YES;
				CLANG_WARN_ENUM_CONVERSION = YES;
				CLANG_WARN_INT_CONVERSION = YES;
				CLANG_WARN__DUPLICATE_METHOD_MATCH = YES;
				"CODE_SIGN_IDENTITY[sdk=iphoneos*]" = "iPhone Developer";
				COPY_PHASE_STRIP = NO;
				GCC_C_LANGUAGE_STANDARD = gnu99;
				GCC_DYNAMIC_NO_PIC = NO;
				GCC_OPTIMIZATION_LEVEL = 0;
				GCC_PREPROCESSOR_DEFINITIONS = (
					"DEBUG=1",
					"$(inherited)",
				);
				GCC_SYMBOLS_PRIVATE_EXTERN = NO;
				GCC_WARN_ABOUT_RETURN_TYPE = YES;
				GCC_WARN_UNINITIALIZED_AUTOS = YES;
				GCC_WARN_UNUSED_VARIABLE = YES;
				IPHONEOS_DEPLOYMENT_TARGET = 6.1;
				ONLY_ACTIVE_ARCH = YES;
				SDKROOT = iphoneos;
			};
			name = Debug;
		};
		8599597416E2A0D0005FBC1A /* Release */ = {
			isa = XCBuildConfiguration;
			buildSettings = {
				ALWAYS_SEARCH_USER_PATHS = NO;
				CLANG_CXX_LANGUAGE_STANDARD = "gnu++0x";
				CLANG_CXX_LIBRARY = "libc++";
				CLANG_ENABLE_OBJC_ARC = YES;
				CLANG_WARN_CONSTANT_CONVERSION = YES;
				CLANG_WARN_EMPTY_BODY = YES;
				CLANG_WARN_ENUM_CONVERSION = YES;
				CLANG_WARN_INT_CONVERSION = YES;
				CLANG_WARN__DUPLICATE_METHOD_MATCH = YES;
				"CODE_SIGN_IDENTITY[sdk=iphoneos*]" = "iPhone Developer";
				COPY_PHASE_STRIP = YES;
				GCC_C_LANGUAGE_STANDARD = gnu99;
				GCC_WARN_ABOUT_RETURN_TYPE = YES;
				GCC_WARN_UNINITIALIZED_AUTOS = YES;
				GCC_WARN_UNUSED_VARIABLE = YES;
				IPHONEOS_DEPLOYMENT_TARGET = 6.1;
				OTHER_CFLAGS = "-DNS_BLOCK_ASSERTIONS=1";
				SDKROOT = iphoneos;
				VALIDATE_PRODUCT = YES;
			};
			name = Release;
		};
		8599597616E2A0D0005FBC1A /* Debug */ = {
			isa = XCBuildConfiguration;
			buildSettings = {
				GCC_PRECOMPILE_PREFIX_HEADER = YES;
				GCC_PREFIX_HEADER = "FoodMe/FoodMe-Prefix.pch";
				INFOPLIST_FILE = "FoodMe/FoodMe-Info.plist";
				PRODUCT_NAME = "$(TARGET_NAME)";
				WRAPPER_EXTENSION = app;
			};
			name = Debug;
		};
		8599597716E2A0D0005FBC1A /* Release */ = {
			isa = XCBuildConfiguration;
			buildSettings = {
				GCC_PRECOMPILE_PREFIX_HEADER = YES;
				GCC_PREFIX_HEADER = "FoodMe/FoodMe-Prefix.pch";
				INFOPLIST_FILE = "FoodMe/FoodMe-Info.plist";
				PRODUCT_NAME = "$(TARGET_NAME)";
				WRAPPER_EXTENSION = app;
			};
			name = Release;
		};
/* End XCBuildConfiguration section */

/* Begin XCConfigurationList section */
		8599594D16E2A0D0005FBC1A /* Build configuration list for PBXProject "FoodMe" */ = {
			isa = XCConfigurationList;
			buildConfigurations = (
				8599597316E2A0D0005FBC1A /* Debug */,
				8599597416E2A0D0005FBC1A /* Release */,
			);
			defaultConfigurationIsVisible = 0;
			defaultConfigurationName = Release;
		};
		8599597516E2A0D0005FBC1A /* Build configuration list for PBXNativeTarget "FoodMe" */ = {
			isa = XCConfigurationList;
			buildConfigurations = (
				8599597616E2A0D0005FBC1A /* Debug */,
				8599597716E2A0D0005FBC1A /* Release */,
			);
			defaultConfigurationIsVisible = 0;
			defaultConfigurationName = Release;
		};
/* End XCConfigurationList section */
	};
	rootObject = 8599594A16E2A0D0005FBC1A /* Project object */;
}
